{
    "name": "peanut-plugin-panel",
    "version": "0.1.1",
    "lockfileVersion": 3,
    "requires": true,
    "packages": {
        "": {
            "name": "peanut-plugin-panel",
            "version": "0.1.1",
            "dependencies": {
                "peanut-contracts": "file:../contracts",
                "peanut-packaging": "file:../packaging",
                "peanut-plugin-core": "file:../plugin-core",
                "peanut-runtime": "file:../runtime"
            }
        },
        "../contracts": {
            "name": "peanut-contracts",
            "version": "0.1.1",
            "devDependencies": {
                "@types/node": "^24.0.0",
                "tsx": "4.23.0",
                "typescript": "^5.9.3"
            }
        },
        "../packaging": {
            "name": "peanut-packaging",
            "version": "0.1.0",
            "dependencies": {
                "peanut-contracts": "file:../contracts"
            },
            "devDependencies": {
                "@types/node": "^24.0.0",
                "tsx": "4.23.0",
                "typescript": "^5.9.3"
            }
        },
        "../plugin-core": {
            "name": "peanut-plugin-core",
            "version": "0.1.7",
            "dependencies": {
                "peanut-asset-catalog": "file:../asset-catalog",
                "peanut-contracts": "file:../contracts",
                "peanut-packaging": "file:../packaging",
                "peanut-plugin-sdk": "file:../plugin-sdk",
                "peanut-runtime": "file:../runtime"
            },
            "devDependencies": {
                "@types/node": "^24.0.0",
                "tsx": "4.23.0",
                "typescript": "^5.9.3"
            }
        },
        "../runtime": {
            "name": "peanut-runtime",
            "version": "0.1.2",
            "dependencies": {
                "peanut-contracts": "file:../contracts"
            },
            "devDependencies": {
                "@types/node": "^24.0.0",
                "tsx": "4.23.0",
                "typescript": "^5.9.3"
            }
        },
        "node_modules/peanut-contracts": {
            "resolved": "../contracts",
            "link": true
        },
        "node_modules/peanut-packaging": {
            "resolved": "../packaging",
            "link": true
        },
        "node_modules/peanut-plugin-core": {
            "resolved": "../plugin-core",
            "link": true
        },
        "node_modules/peanut-runtime": {
            "resolved": "../runtime",
            "link": true
        }
    }
}
